
Microsoft Visual Studio Solution File, Format Version 12.00
# Visual Studio 2013
VisualStudioVersion = 12.0.21005.1
MinimumVisualStudioVersion = 10.0.40219.1
Project("{FAE04EC0-301F-11D3-BF4B-00C04F79EFBC}") = "GestionTransporte", "GestionTransporte\GestionTransporte.csproj", "{15E46BBE-847A-44CA-95F6-D1145E7D4928}"
EndProject
Global
	GlobalSection(SolutionConfigurationPlatforms) = preSolution
		Debug|Any CPU = Debug|Any CPU
		Release|Any CPU = Release|Any CPU
	EndGlobalSection
	GlobalSection(ProjectConfigurationPlatforms) = postSolution
		{15E46BBE-847A-44CA-95F6-D1145E7D4928}.Debug|Any CPU.ActiveCfg = Debug|Any CPU
		{15E46BBE-847A-44CA-95F6-D1145E7D4928}.Debug|Any CPU.Build.0 = Debug|Any CPU
		{15E46BBE-847A-44CA-95F6-D1145E7D4928}.Release|Any CPU.ActiveCfg = Release|Any CPU
		{15E46BBE-847A-44CA-95F6-D1145E7D4928}.Release|Any CPU.Build.0 = Release|Any CPU
	EndGlobalSection
	GlobalSection(SolutionProperties) = preSolution
		HideSolutionNode = FALSE
	EndGlobalSection
EndGlobal
